
Microsoft Visual Studio Solution File, Format Version 12.00
# Visual Studio 14
VisualStudioVersion = 14.0.25420.1
MinimumVisualStudioVersion = 10.0.40219.1
Project("{A07B5EB6-E848-4116-A8D0-A826331D98C6}") = "SaaSManager2", "SaaSManager2\SaaSManager2.sfproj", "{117D8D8E-E7EE-4D39-B394-D30872240670}"
EndProject
Project("{FAE04EC0-301F-11D3-BF4B-00C04F79EFBC}") = "ServicesManager", "ServicesManager\ServicesManager.csproj", "{2D62C2A2-2624-4618-B89D-36928C8021E7}"
EndProject
Global
	GlobalSection(SolutionConfigurationPlatforms) = preSolution
		Debug|x64 = Debug|x64
		Release|x64 = Release|x64
	EndGlobalSection
	GlobalSection(ProjectConfigurationPlatforms) = postSolution
		{117D8D8E-E7EE-4D39-B394-D30872240670}.Debug|x64.ActiveCfg = Debug|x64
		{117D8D8E-E7EE-4D39-B394-D30872240670}.Debug|x64.Build.0 = Debug|x64
		{117D8D8E-E7EE-4D39-B394-D30872240670}.Debug|x64.Deploy.0 = Debug|x64
		{117D8D8E-E7EE-4D39-B394-D30872240670}.Release|x64.ActiveCfg = Release|x64
		{117D8D8E-E7EE-4D39-B394-D30872240670}.Release|x64.Build.0 = Release|x64
		{117D8D8E-E7EE-4D39-B394-D30872240670}.Release|x64.Deploy.0 = Release|x64
		{2D62C2A2-2624-4618-B89D-36928C8021E7}.Debug|x64.ActiveCfg = Debug|x64
		{2D62C2A2-2624-4618-B89D-36928C8021E7}.Debug|x64.Build.0 = Debug|x64
		{2D62C2A2-2624-4618-B89D-36928C8021E7}.Release|x64.ActiveCfg = Release|x64
		{2D62C2A2-2624-4618-B89D-36928C8021E7}.Release|x64.Build.0 = Release|x64
	EndGlobalSection
	GlobalSection(SolutionProperties) = preSolution
		HideSolutionNode = FALSE
	EndGlobalSection
EndGlobal
